// !$*UTF8*$!
{
	archiveVersion = 1;
	classes = {
	};
	objectVersion = 55;
	objects = {

/* Begin PBXBuildFile section */
		851AEA4828A08FDA009E13C6 /* AppDelegate.swift in Sources */ = {isa = PBXBuildFile; fileRef = 851AEA4728A08FDA009E13C6 /* AppDelegate.swift */; };
		851AEA4A28A08FDA009E13C6 /* SceneDelegate.swift in Sources */ = {isa = PBXBuildFile; fileRef = 851AEA4928A08FDA009E13C6 /* SceneDelegate.swift */; };
		851AEA4C28A08FDA009E13C6 /* ViewController.swift in Sources */ = {isa = PBXBuildFile; fileRef = 851AEA4B28A08FDA009E13C6 /* ViewController.swift */; };
		851AEA4F28A08FDA009E13C6 /* Main.storyboard in Resources */ = {isa = PBXBuildFile; fileRef = 851AEA4D28A08FDA009E13C6 /* Main.storyboard */; };
		851AEA5128A08FDB009E13C6 /* Assets.xcassets in Resources */ = {isa = PBXBuildFile; fileRef = 851AEA5028A08FDB009E13C6 /* Assets.xcassets */; };
		851AEA5428A08FDB009E13C6 /* LaunchScreen.storyboard in Resources */ = {isa = PBXBuildFile; fileRef = 851AEA5228A08FDB009E13C6 /* LaunchScreen.storyboard */; };
		851AEA5C28A0903E009E13C6 /* .gitignore in Resources */ = {isa = PBXBuildFile; fileRef = 851AEA5B28A0903E009E13C6 /* .gitignore */; };
		851AEA5F28A09080009E13C6 /* APIKey.swift in Sources */ = {isa = PBXBuildFile; fileRef = 851AEA5E28A09080009E13C6 /* APIKey.swift */; };
		851AEA6B28A094A4009E13C6 /* EndPoint.swift in Sources */ = {isa = PBXBuildFile; fileRef = 851AEA6A28A094A4009E13C6 /* EndPoint.swift */; };
		851AEA6D28A09511009E13C6 /* URL+Extention.swift in Sources */ = {isa = PBXBuildFile; fileRef = 851AEA6C28A09511009E13C6 /* URL+Extention.swift */; };
		851AEA6F28A0A791009E13C6 /* KakaoAPIManager.swift in Sources */ = {isa = PBXBuildFile; fileRef = 851AEA6E28A0A791009E13C6 /* KakaoAPIManager.swift */; };
		851AEA7128A0AC00009E13C6 /* ClosureViewController.swift in Sources */ = {isa = PBXBuildFile; fileRef = 851AEA7028A0AC00009E13C6 /* ClosureViewController.swift */; };
		85243AB028A330710018DB14 /* ReusableProtocol.swift in Sources */ = {isa = PBXBuildFile; fileRef = 85243AAF28A330710018DB14 /* ReusableProtocol.swift */; };
		85243AB328A335AA0018DB14 /* Alamofire in Frameworks */ = {isa = PBXBuildFile; productRef = 85243AB228A335AA0018DB14 /* Alamofire */; };
		85243AB628A335CE0018DB14 /* SwiftyJSON in Frameworks */ = {isa = PBXBuildFile; productRef = 85243AB528A335CE0018DB14 /* SwiftyJSON */; };
		85243AB928A335D90018DB14 /* Kingfisher in Frameworks */ = {isa = PBXBuildFile; productRef = 85243AB828A335D90018DB14 /* Kingfisher */; };
		85243ABB28A343DA0018DB14 /* TMDBAPIManager.swift in Sources */ = {isa = PBXBuildFile; fileRef = 85243ABA28A343DA0018DB14 /* TMDBAPIManager.swift */; };
		85777D8F28A1E033001A4BC1 /* SeSACButton.swift in Sources */ = {isa = PBXBuildFile; fileRef = 85777D8E28A1E033001A4BC1 /* SeSACButton.swift */; };
		85777D9128A1E60C001A4BC1 /* CardView.xib in Resources */ = {isa = PBXBuildFile; fileRef = 85777D9028A1E60C001A4BC1 /* CardView.xib */; };
		85777D9328A1E62B001A4BC1 /* CardView.swift in Sources */ = {isa = PBXBuildFile; fileRef = 85777D9228A1E62B001A4BC1 /* CardView.swift */; };
		85777D9628A1F380001A4BC1 /* CardCollectionViewCell.swift in Sources */ = {isa = PBXBuildFile; fileRef = 85777D9428A1F380001A4BC1 /* CardCollectionViewCell.swift */; };
		85777D9728A1F380001A4BC1 /* CardCollectionViewCell.xib in Resources */ = {isa = PBXBuildFile; fileRef = 85777D9528A1F380001A4BC1 /* CardCollectionViewCell.xib */; };
		85777D9928A1F634001A4BC1 /* MainViewController.swift in Sources */ = {isa = PBXBuildFile; fileRef = 85777D9828A1F634001A4BC1 /* MainViewController.swift */; };
		85777D9B28A1FC3B001A4BC1 /* MainTableViewCell.swift in Sources */ = {isa = PBXBuildFile; fileRef = 85777D9A28A1FC3B001A4BC1 /* MainTableViewCell.swift */; };
/* End PBXBuildFile section */

/* Begin PBXFileReference section */
		851AEA4428A08FDA009E13C6 /* SeSACWeek6.app */ = {isa = PBXFileReference; explicitFileType = wrapper.application; includeInIndex = 0; path = SeSACWeek6.app; sourceTree = BUILT_PRODUCTS_DIR; };
		851AEA4728A08FDA009E13C6 /* AppDelegate.swift */ = {isa = PBXFileReference; lastKnownFileType = sourcecode.swift; path = AppDelegate.swift; sourceTree = "<group>"; };
		851AEA4928A08FDA009E13C6 /* SceneDelegate.swift */ = {isa = PBXFileReference; lastKnownFileType = sourcecode.swift; path = SceneDelegate.swift; sourceTree = "<group>"; };
		851AEA4B28A08FDA009E13C6 /* ViewController.swift */ = {isa = PBXFileReference; lastKnownFileType = sourcecode.swift; path = ViewController.swift; sourceTree = "<group>"; };
		851AEA4E28A08FDA009E13C6 /* Base */ = {isa = PBXFileReference; lastKnownFileType = file.storyboard; name = Base; path = Base.lproj/Main.storyboard; sourceTree = "<group>"; };
		851AEA5028A08FDB009E13C6 /* Assets.xcassets */ = {isa = PBXFileReference; lastKnownFileType = folder.assetcatalog; path = Assets.xcassets; sourceTree = "<group>"; };
		851AEA5328A08FDB009E13C6 /* Base */ = {isa = PBXFileReference; lastKnownFileType = file.storyboard; name = Base; path = Base.lproj/LaunchScreen.storyboard; sourceTree = "<group>"; };
		851AEA5528A08FDB009E13C6 /* Info.plist */ = {isa = PBXFileReference; lastKnownFileType = text.plist.xml; path = Info.plist; sourceTree = "<group>"; };
		851AEA5B28A0903E009E13C6 /* .gitignore */ = {isa = PBXFileReference; lastKnownFileType = text; path = .gitignore; sourceTree = "<group>"; };
		851AEA5E28A09080009E13C6 /* APIKey.swift */ = {isa = PBXFileReference; lastKnownFileType = sourcecode.swift; path = APIKey.swift; sourceTree = "<group>"; };
		851AEA6A28A094A4009E13C6 /* EndPoint.swift */ = {isa = PBXFileReference; lastKnownFileType = sourcecode.swift; path = EndPoint.swift; sourceTree = "<group>"; };
		851AEA6C28A09511009E13C6 /* URL+Extention.swift */ = {isa = PBXFileReference; lastKnownFileType = sourcecode.swift; path = "URL+Extention.swift"; sourceTree = "<group>"; };
		851AEA6E28A0A791009E13C6 /* KakaoAPIManager.swift */ = {isa = PBXFileReference; lastKnownFileType = sourcecode.swift; path = KakaoAPIManager.swift; sourceTree = "<group>"; };
		851AEA7028A0AC00009E13C6 /* ClosureViewController.swift */ = {isa = PBXFileReference; lastKnownFileType = sourcecode.swift; path = ClosureViewController.swift; sourceTree = "<group>"; };
		85243AAF28A330710018DB14 /* ReusableProtocol.swift */ = {isa = PBXFileReference; lastKnownFileType = sourcecode.swift; path = ReusableProtocol.swift; sourceTree = "<group>"; };
		85243ABA28A343DA0018DB14 /* TMDBAPIManager.swift */ = {isa = PBXFileReference; lastKnownFileType = sourcecode.swift; path = TMDBAPIManager.swift; sourceTree = "<group>"; };
		85777D8E28A1E033001A4BC1 /* SeSACButton.swift */ = {isa = PBXFileReference; lastKnownFileType = sourcecode.swift; path = SeSACButton.swift; sourceTree = "<group>"; };
		85777D9028A1E60C001A4BC1 /* CardView.xib */ = {isa = PBXFileReference; lastKnownFileType = file.xib; path = CardView.xib; sourceTree = "<group>"; };
		85777D9228A1E62B001A4BC1 /* CardView.swift */ = {isa = PBXFileReference; lastKnownFileType = sourcecode.swift; path = CardView.swift; sourceTree = "<group>"; };
		85777D9428A1F380001A4BC1 /* CardCollectionViewCell.swift */ = {isa = PBXFileReference; lastKnownFileType = sourcecode.swift; path = CardCollectionViewCell.swift; sourceTree = "<group>"; };
		85777D9528A1F380001A4BC1 /* CardCollectionViewCell.xib */ = {isa = PBXFileReference; lastKnownFileType = file.xib; path = CardCollectionViewCell.xib; sourceTree = "<group>"; };
		85777D9828A1F634001A4BC1 /* MainViewController.swift */ = {isa = PBXFileReference; lastKnownFileType = sourcecode.swift; path = MainViewController.swift; sourceTree = "<group>"; };
		85777D9A28A1FC3B001A4BC1 /* MainTableViewCell.swift */ = {isa = PBXFileReference; lastKnownFileType = sourcecode.swift; path = MainTableViewCell.swift; sourceTree = "<group>"; };
/* End PBXFileReference section */

/* Begin PBXFrameworksBuildPhase section */
		851AEA4128A08FDA009E13C6 /* Frameworks */ = {
			isa = PBXFrameworksBuildPhase;
			buildActionMask = 2147483647;
			files = (
				85243AB928A335D90018DB14 /* Kingfisher in Frameworks */,
				85243AB628A335CE0018DB14 /* SwiftyJSON in Frameworks */,
				85243AB328A335AA0018DB14 /* Alamofire in Frameworks */,
			);
			runOnlyForDeploymentPostprocessing = 0;
		};
/* End PBXFrameworksBuildPhase section */

/* Begin PBXGroup section */
		851AEA3B28A08FDA009E13C6 = {
			isa = PBXGroup;
			children = (
				851AEA5B28A0903E009E13C6 /* .gitignore */,
				851AEA4628A08FDA009E13C6 /* SeSACWeek6 */,
				851AEA4528A08FDA009E13C6 /* Products */,
			);
			sourceTree = "<group>";
		};
		851AEA4528A08FDA009E13C6 /* Products */ = {
			isa = PBXGroup;
			children = (
				851AEA4428A08FDA009E13C6 /* SeSACWeek6.app */,
			);
			name = Products;
			sourceTree = "<group>";
		};
		851AEA4628A08FDA009E13C6 /* SeSACWeek6 */ = {
			isa = PBXGroup;
			children = (
				85243AAE28A330580018DB14 /* Protocol */,
				85777D8D28A1DFE0001A4BC1 /* View */,
				851AEA6928A09495009E13C6 /* Network */,
				851AEA5D28A09073009E13C6 /* Key */,
				851AEA4728A08FDA009E13C6 /* AppDelegate.swift */,
				851AEA4928A08FDA009E13C6 /* SceneDelegate.swift */,
				851AEA4B28A08FDA009E13C6 /* ViewController.swift */,
				85777D9828A1F634001A4BC1 /* MainViewController.swift */,
				851AEA4D28A08FDA009E13C6 /* Main.storyboard */,
				851AEA7028A0AC00009E13C6 /* ClosureViewController.swift */,
				851AEA5028A08FDB009E13C6 /* Assets.xcassets */,
				851AEA5228A08FDB009E13C6 /* LaunchScreen.storyboard */,
				851AEA5528A08FDB009E13C6 /* Info.plist */,
			);
			path = SeSACWeek6;
			sourceTree = "<group>";
		};
		851AEA5D28A09073009E13C6 /* Key */ = {
			isa = PBXGroup;
			children = (
				851AEA5E28A09080009E13C6 /* APIKey.swift */,
			);
			path = Key;
			sourceTree = "<group>";
		};
		851AEA6928A09495009E13C6 /* Network */ = {
			isa = PBXGroup;
			children = (
				851AEA6A28A094A4009E13C6 /* EndPoint.swift */,
				851AEA6C28A09511009E13C6 /* URL+Extention.swift */,
				851AEA6E28A0A791009E13C6 /* KakaoAPIManager.swift */,
				85243ABA28A343DA0018DB14 /* TMDBAPIManager.swift */,
			);
			path = Network;
			sourceTree = "<group>";
		};
		85243AAE28A330580018DB14 /* Protocol */ = {
			isa = PBXGroup;
			children = (
				85243AAF28A330710018DB14 /* ReusableProtocol.swift */,
			);
			path = Protocol;
			sourceTree = "<group>";
		};
		85777D8D28A1DFE0001A4BC1 /* View */ = {
			isa = PBXGroup;
			children = (
				85777D9428A1F380001A4BC1 /* CardCollectionViewCell.swift */,
				85777D9528A1F380001A4BC1 /* CardCollectionViewCell.xib */,
				85777D8E28A1E033001A4BC1 /* SeSACButton.swift */,
				85777D9028A1E60C001A4BC1 /* CardView.xib */,
				85777D9228A1E62B001A4BC1 /* CardView.swift */,
				85777D9A28A1FC3B001A4BC1 /* MainTableViewCell.swift */,
			);
			path = View;
			sourceTree = "<group>";
		};
/* End PBXGroup section */

/* Begin PBXNativeTarget section */
		851AEA4328A08FDA009E13C6 /* SeSACWeek6 */ = {
			isa = PBXNativeTarget;
			buildConfigurationList = 851AEA5828A08FDB009E13C6 /* Build configuration list for PBXNativeTarget "SeSACWeek6" */;
			buildPhases = (
				851AEA4028A08FDA009E13C6 /* Sources */,
				851AEA4128A08FDA009E13C6 /* Frameworks */,
				851AEA4228A08FDA009E13C6 /* Resources */,
			);
			buildRules = (
			);
			dependencies = (
			);
			name = SeSACWeek6;
			packageProductDependencies = (
				85243AB228A335AA0018DB14 /* Alamofire */,
				85243AB528A335CE0018DB14 /* SwiftyJSON */,
				85243AB828A335D90018DB14 /* Kingfisher */,
			);
			productName = SeSACWeek6;
			productReference = 851AEA4428A08FDA009E13C6 /* SeSACWeek6.app */;
			productType = "com.apple.product-type.application";
		};
/* End PBXNativeTarget section */

/* Begin PBXProject section */
		851AEA3C28A08FDA009E13C6 /* Project object */ = {
			isa = PBXProject;
			attributes = {
				BuildIndependentTargetsInParallel = 1;
				LastSwiftUpdateCheck = 1340;
				LastUpgradeCheck = 1340;
				TargetAttributes = {
					851AEA4328A08FDA009E13C6 = {
						CreatedOnToolsVersion = 13.4.1;
					};
				};
			};
			buildConfigurationList = 851AEA3F28A08FDA009E13C6 /* Build configuration list for PBXProject "SeSACWeek6" */;
			compatibilityVersion = "Xcode 13.0";
			developmentRegion = en;
			hasScannedForEncodings = 0;
			knownRegions = (
				en,
				Base,
			);
			mainGroup = 851AEA3B28A08FDA009E13C6;
			packageReferences = (
				85243AB128A335AA0018DB14 /* XCRemoteSwiftPackageReference "Alamofire" */,
				85243AB428A335CE0018DB14 /* XCRemoteSwiftPackageReference "SwiftyJSON" */,
				85243AB728A335D90018DB14 /* XCRemoteSwiftPackageReference "Kingfisher" */,
			);
			productRefGroup = 851AEA4528A08FDA009E13C6 /* Products */;
			projectDirPath = "";
			projectRoot = "";
			targets = (
				851AEA4328A08FDA009E13C6 /* SeSACWeek6 */,
			);
		};
/* End PBXProject section */

/* Begin PBXResourcesBuildPhase section */
		851AEA4228A08FDA009E13C6 /* Resources */ = {
			isa = PBXResourcesBuildPhase;
			buildActionMask = 2147483647;
			files = (
				851AEA5C28A0903E009E13C6 /* .gitignore in Resources */,
				851AEA5428A08FDB009E13C6 /* LaunchScreen.storyboard in Resources */,
				85777D9128A1E60C001A4BC1 /* CardView.xib in Resources */,
				851AEA5128A08FDB009E13C6 /* Assets.xcassets in Resources */,
				85777D9728A1F380001A4BC1 /* CardCollectionViewCell.xib in Resources */,
				851AEA4F28A08FDA009E13C6 /* Main.storyboard in Resources */,
			);
			runOnlyForDeploymentPostprocessing = 0;
		};
/* End PBXResourcesBuildPhase section */

/* Begin PBXSourcesBuildPhase section */
		851AEA4028A08FDA009E13C6 /* Sources */ = {
			isa = PBXSourcesBuildPhase;
			buildActionMask = 2147483647;
			files = (
				85777D9B28A1FC3B001A4BC1 /* MainTableViewCell.swift in Sources */,
				851AEA4C28A08FDA009E13C6 /* ViewController.swift in Sources */,
				851AEA4828A08FDA009E13C6 /* AppDelegate.swift in Sources */,
				851AEA7128A0AC00009E13C6 /* ClosureViewController.swift in Sources */,
				85777D9928A1F634001A4BC1 /* MainViewController.swift in Sources */,
				85777D9628A1F380001A4BC1 /* CardCollectionViewCell.swift in Sources */,
				851AEA6D28A09511009E13C6 /* URL+Extention.swift in Sources */,
				85777D9328A1E62B001A4BC1 /* CardView.swift in Sources */,
				85243AB028A330710018DB14 /* ReusableProtocol.swift in Sources */,
				851AEA6B28A094A4009E13C6 /* EndPoint.swift in Sources */,
				85777D8F28A1E033001A4BC1 /* SeSACButton.swift in Sources */,
				851AEA6F28A0A791009E13C6 /* KakaoAPIManager.swift in Sources */,
				851AEA5F28A09080009E13C6 /* APIKey.swift in Sources */,
				85243ABB28A343DA0018DB14 /* TMDBAPIManager.swift in Sources */,
				851AEA4A28A08FDA009E13C6 /* SceneDelegate.swift in Sources */,
			);
			runOnlyForDeploymentPostprocessing = 0;
		};
/* End PBXSourcesBuildPhase section */

/* Begin PBXVariantGroup section */
		851AEA4D28A08FDA009E13C6 /* Main.storyboard */ = {
			isa = PBXVariantGroup;
			children = (
				851AEA4E28A08FDA009E13C6 /* Base */,
			);
			name = Main.storyboard;
			sourceTree = "<group>";
		};
		851AEA5228A08FDB009E13C6 /* LaunchScreen.storyboard */ = {
			isa = PBXVariantGroup;
			children = (
				851AEA5328A08FDB009E13C6 /* Base */,
			);
			name = LaunchScreen.storyboard;
			sourceTree = "<group>";
		};
/* End PBXVariantGroup section */

/* Begin XCBuildConfiguration section */
		851AEA5628A08FDB009E13C6 /* Debug */ = {
			isa = XCBuildConfiguration;
			buildSettings = {
				ALWAYS_SEARCH_USER_PATHS = NO;
				CLANG_ANALYZER_NONNULL = YES;
				CLANG_ANALYZER_NUMBER_OBJECT_CONVERSION = YES_AGGRESSIVE;
				CLANG_CXX_LANGUAGE_STANDARD = "gnu++17";
				CLANG_ENABLE_MODULES = YES;
				CLANG_ENABLE_OBJC_ARC = YES;
				CLANG_ENABLE_OBJC_WEAK = YES;
				CLANG_WARN_BLOCK_CAPTURE_AUTORELEASING = YES;
				CLANG_WARN_BOOL_CONVERSION = YES;
				CLANG_WARN_COMMA = YES;
				CLANG_WARN_CONSTANT_CONVERSION = YES;
				CLANG_WARN_DEPRECATED_OBJC_IMPLEMENTATIONS = YES;
				CLANG_WARN_DIRECT_OBJC_ISA_USAGE = YES_ERROR;
				CLANG_WARN_DOCUMENTATION_COMMENTS = YES;
				CLANG_WARN_EMPTY_BODY = YES;
				CLANG_WARN_ENUM_CONVERSION = YES;
				CLANG_WARN_INFINITE_RECURSION = YES;
				CLANG_WARN_INT_CONVERSION = YES;
				CLANG_WARN_NON_LITERAL_NULL_CONVERSION = YES;
				CLANG_WARN_OBJC_IMPLICIT_RETAIN_SELF = YES;
				CLANG_WARN_OBJC_LITERAL_CONVERSION = YES;
				CLANG_WARN_OBJC_ROOT_CLASS = YES_ERROR;
				CLANG_WARN_QUOTED_INCLUDE_IN_FRAMEWORK_HEADER = YES;
				CLANG_WARN_RANGE_LOOP_ANALYSIS = YES;
				CLANG_WARN_STRICT_PROTOTYPES = YES;
				CLANG_WARN_SUSPICIOUS_MOVE = YES;
				CLANG_WARN_UNGUARDED_AVAILABILITY = YES_AGGRESSIVE;
				CLANG_WARN_UNREACHABLE_CODE = YES;
				CLANG_WARN__DUPLICATE_METHOD_MATCH = YES;
				COPY_PHASE_STRIP = NO;
				DEBUG_INFORMATION_FORMAT = dwarf;
				ENABLE_STRICT_OBJC_MSGSEND = YES;
				ENABLE_TESTABILITY = YES;
				GCC_C_LANGUAGE_STANDARD = gnu11;
				GCC_DYNAMIC_NO_PIC = NO;
				GCC_NO_COMMON_BLOCKS = YES;
				GCC_OPTIMIZATION_LEVEL = 0;
				GCC_PREPROCESSOR_DEFINITIONS = (
					"DEBUG=1",
					"$(inherited)",
				);
				GCC_WARN_64_TO_32_BIT_CONVERSION = YES;
				GCC_WARN_ABOUT_RETURN_TYPE = YES_ERROR;
				GCC_WARN_UNDECLARED_SELECTOR = YES;
				GCC_WARN_UNINITIALIZED_AUTOS = YES_AGGRESSIVE;
				GCC_WARN_UNUSED_FUNCTION = YES;
				GCC_WARN_UNUSED_VARIABLE = YES;
				IPHONEOS_DEPLOYMENT_TARGET = 15.5;
				MTL_ENABLE_DEBUG_INFO = INCLUDE_SOURCE;
				MTL_FAST_MATH = YES;
				ONLY_ACTIVE_ARCH = YES;
				SDKROOT = iphoneos;
				SWIFT_ACTIVE_COMPILATION_CONDITIONS = DEBUG;
				SWIFT_OPTIMIZATION_LEVEL = "-Onone";
			};
			name = Debug;
		};
		851AEA5728A08FDB009E13C6 /* Release */ = {
			isa = XCBuildConfiguration;
			buildSettings = {
				ALWAYS_SEARCH_USER_PATHS = NO;
				CLANG_ANALYZER_NONNULL = YES;
				CLANG_ANALYZER_NUMBER_OBJECT_CONVERSION = YES_AGGRESSIVE;
				CLANG_CXX_LANGUAGE_STANDARD = "gnu++17";
				CLANG_ENABLE_MODULES = YES;
				CLANG_ENABLE_OBJC_ARC = YES;
				CLANG_ENABLE_OBJC_WEAK = YES;
				CLANG_WARN_BLOCK_CAPTURE_AUTORELEASING = YES;
				CLANG_WARN_BOOL_CONVERSION = YES;
				CLANG_WARN_COMMA = YES;
				CLANG_WARN_CONSTANT_CONVERSION = YES;
				CLANG_WARN_DEPRECATED_OBJC_IMPLEMENTATIONS = YES;
				CLANG_WARN_DIRECT_OBJC_ISA_USAGE = YES_ERROR;
				CLANG_WARN_DOCUMENTATION_COMMENTS = YES;
				CLANG_WARN_EMPTY_BODY = YES;
				CLANG_WARN_ENUM_CONVERSION = YES;
				CLANG_WARN_INFINITE_RECURSION = YES;
				CLANG_WARN_INT_CONVERSION = YES;
				CLANG_WARN_NON_LITERAL_NULL_CONVERSION = YES;
				CLANG_WARN_OBJC_IMPLICIT_RETAIN_SELF = YES;
				CLANG_WARN_OBJC_LITERAL_CONVERSION = YES;
				CLANG_WARN_OBJC_ROOT_CLASS = YES_ERROR;
				CLANG_WARN_QUOTED_INCLUDE_IN_FRAMEWORK_HEADER = YES;
				CLANG_WARN_RANGE_LOOP_ANALYSIS = YES;
				CLANG_WARN_STRICT_PROTOTYPES = YES;
				CLANG_WARN_SUSPICIOUS_MOVE = YES;
				CLANG_WARN_UNGUARDED_AVAILABILITY = YES_AGGRESSIVE;
				CLANG_WARN_UNREACHABLE_CODE = YES;
				CLANG_WARN__DUPLICATE_METHOD_MATCH = YES;
				COPY_PHASE_STRIP = NO;
				DEBUG_INFORMATION_FORMAT = "dwarf-with-dsym";
				ENABLE_NS_ASSERTIONS = NO;
				ENABLE_STRICT_OBJC_MSGSEND = YES;
				GCC_C_LANGUAGE_STANDARD = gnu11;
				GCC_NO_COMMON_BLOCKS = YES;
				GCC_WARN_64_TO_32_BIT_CONVERSION = YES;
				GCC_WARN_ABOUT_RETURN_TYPE = YES_ERROR;
				GCC_WARN_UNDECLARED_SELECTOR = YES;
				GCC_WARN_UNINITIALIZED_AUTOS = YES_AGGRESSIVE;
				GCC_WARN_UNUSED_FUNCTION = YES;
				GCC_WARN_UNUSED_VARIABLE = YES;
				IPHONEOS_DEPLOYMENT_TARGET = 15.5;
				MTL_ENABLE_DEBUG_INFO = NO;
				MTL_FAST_MATH = YES;
				SDKROOT = iphoneos;
				SWIFT_COMPILATION_MODE = wholemodule;
				SWIFT_OPTIMIZATION_LEVEL = "-O";
				VALIDATE_PRODUCT = YES;
			};
			name = Release;
		};
		851AEA5928A08FDB009E13C6 /* Debug */ = {
			isa = XCBuildConfiguration;
			buildSettings = {
				ASSETCATALOG_COMPILER_APPICON_NAME = AppIcon;
				ASSETCATALOG_COMPILER_GLOBAL_ACCENT_COLOR_NAME = AccentColor;
				CODE_SIGN_STYLE = Automatic;
				CURRENT_PROJECT_VERSION = 1;
				DEVELOPMENT_TEAM = 3K4KWAG7KD;
				GENERATE_INFOPLIST_FILE = YES;
				INFOPLIST_FILE = SeSACWeek6/Info.plist;
				INFOPLIST_KEY_UIApplicationSupportsIndirectInputEvents = YES;
				INFOPLIST_KEY_UILaunchStoryboardName = LaunchScreen;
				INFOPLIST_KEY_UIMainStoryboardFile = Main;
				INFOPLIST_KEY_UISupportedInterfaceOrientations_iPad = "UIInterfaceOrientationPortrait UIInterfaceOrientationPortraitUpsideDown UIInterfaceOrientationLandscapeLeft UIInterfaceOrientationLandscapeRight";
				INFOPLIST_KEY_UISupportedInterfaceOrientations_iPhone = "UIInterfaceOrientationPortrait UIInterfaceOrientationLandscapeLeft UIInterfaceOrientationLandscapeRight";
				LD_RUNPATH_SEARCH_PATHS = (
					"$(inherited)",
					"@executable_path/Frameworks",
				);
				MARKETING_VERSION = 1.0;
				PRODUCT_BUNDLE_IDENTIFIER = com.hano..SeSACWeek6;
				PRODUCT_NAME = "$(TARGET_NAME)";
				SWIFT_EMIT_LOC_STRINGS = YES;
				SWIFT_VERSION = 5.0;
				TARGETED_DEVICE_FAMILY = "1,2";
			};
			name = Debug;
		};
		851AEA5A28A08FDB009E13C6 /* Release */ = {
			isa = XCBuildConfiguration;
			buildSettings = {
				ASSETCATALOG_COMPILER_APPICON_NAME = AppIcon;
				ASSETCATALOG_COMPILER_GLOBAL_ACCENT_COLOR_NAME = AccentColor;
				CODE_SIGN_STYLE = Automatic;
				CURRENT_PROJECT_VERSION = 1;
				DEVELOPMENT_TEAM = 3K4KWAG7KD;
				GENERATE_INFOPLIST_FILE = YES;
				INFOPLIST_FILE = SeSACWeek6/Info.plist;
				INFOPLIST_KEY_UIApplicationSupportsIndirectInputEvents = YES;
				INFOPLIST_KEY_UILaunchStoryboardName = LaunchScreen;
				INFOPLIST_KEY_UIMainStoryboardFile = Main;
				INFOPLIST_KEY_UISupportedInterfaceOrientations_iPad = "UIInterfaceOrientationPortrait UIInterfaceOrientationPortraitUpsideDown UIInterfaceOrientationLandscapeLeft UIInterfaceOrientationLandscapeRight";
				INFOPLIST_KEY_UISupportedInterfaceOrientations_iPhone = "UIInterfaceOrientationPortrait UIInterfaceOrientationLandscapeLeft UIInterfaceOrientationLandscapeRight";
				LD_RUNPATH_SEARCH_PATHS = (
					"$(inherited)",
					"@executable_path/Frameworks",
				);
				MARKETING_VERSION = 1.0;
				PRODUCT_BUNDLE_IDENTIFIER = com.hano..SeSACWeek6;
				PRODUCT_NAME = "$(TARGET_NAME)";
				SWIFT_EMIT_LOC_STRINGS = YES;
				SWIFT_VERSION = 5.0;
				TARGETED_DEVICE_FAMILY = "1,2";
			};
			name = Release;
		};
/* End XCBuildConfiguration section */

/* Begin XCConfigurationList section */
		851AEA3F28A08FDA009E13C6 /* Build configuration list for PBXProject "SeSACWeek6" */ = {
			isa = XCConfigurationList;
			buildConfigurations = (
				851AEA5628A08FDB009E13C6 /* Debug */,
				851AEA5728A08FDB009E13C6 /* Release */,
			);
			defaultConfigurationIsVisible = 0;
			defaultConfigurationName = Release;
		};
		851AEA5828A08FDB009E13C6 /* Build configuration list for PBXNativeTarget "SeSACWeek6" */ = {
			isa = XCConfigurationList;
			buildConfigurations = (
				851AEA5928A08FDB009E13C6 /* Debug */,
				851AEA5A28A08FDB009E13C6 /* Release */,
			);
			defaultConfigurationIsVisible = 0;
			defaultConfigurationName = Release;
		};
/* End XCConfigurationList section */

/* Begin XCRemoteSwiftPackageReference section */
		85243AB128A335AA0018DB14 /* XCRemoteSwiftPackageReference "Alamofire" */ = {
			isa = XCRemoteSwiftPackageReference;
			repositoryURL = "https://github.com/Alamofire/Alamofire.git";
			requirement = {
				kind = upToNextMajorVersion;
				minimumVersion = 5.0.0;
			};
		};
		85243AB428A335CE0018DB14 /* XCRemoteSwiftPackageReference "SwiftyJSON" */ = {
			isa = XCRemoteSwiftPackageReference;
			repositoryURL = "https://github.com/SwiftyJSON/SwiftyJSON.git";
			requirement = {
				kind = upToNextMajorVersion;
				minimumVersion = 5.0.0;
			};
		};
		85243AB728A335D90018DB14 /* XCRemoteSwiftPackageReference "Kingfisher" */ = {
			isa = XCRemoteSwiftPackageReference;
			repositoryURL = "https://github.com/onevcat/Kingfisher.git";
			requirement = {
				kind = upToNextMajorVersion;
				minimumVersion = 7.0.0;
			};
		};
/* End XCRemoteSwiftPackageReference section */

/* Begin XCSwiftPackageProductDependency section */
		85243AB228A335AA0018DB14 /* Alamofire */ = {
			isa = XCSwiftPackageProductDependency;
			package = 85243AB128A335AA0018DB14 /* XCRemoteSwiftPackageReference "Alamofire" */;
			productName = Alamofire;
		};
		85243AB528A335CE0018DB14 /* SwiftyJSON */ = {
			isa = XCSwiftPackageProductDependency;
			package = 85243AB428A335CE0018DB14 /* XCRemoteSwiftPackageReference "SwiftyJSON" */;
			productName = SwiftyJSON;
		};
		85243AB828A335D90018DB14 /* Kingfisher */ = {
			isa = XCSwiftPackageProductDependency;
			package = 85243AB728A335D90018DB14 /* XCRemoteSwiftPackageReference "Kingfisher" */;
			productName = Kingfisher;
		};
/* End XCSwiftPackageProductDependency section */
	};
	rootObject = 851AEA3C28A08FDA009E13C6 /* Project object */;
}
